
Microsoft Visual Studio Solution File, Format Version 12.00
# Visual Studio Version 16
VisualStudioVersion = 16.0.34031.81
MinimumVisualStudioVersion = 10.0.40219.1
Project("{FAE04EC0-301F-11D3-BF4B-00C04F79EFBC}") = "ejerciciosgg", "ejerciciosgg\ejerciciosgg.csproj", "{1A0A2CF6-1F35-4703-8982-B05E909DC973}"
EndProject
Project("{54435603-DBB4-11D2-8724-00A0C9A8B90C}") = "Instaladorgg", "Instaladorgg\Instaladorgg.vdproj", "{99B019A4-A758-4CD7-BADC-F274CA7ADB93}"
EndProject
Global
	GlobalSection(SolutionConfigurationPlatforms) = preSolution
		Debug|Any CPU = Debug|Any CPU
		Release|Any CPU = Release|Any CPU
	EndGlobalSection
	GlobalSection(ProjectConfigurationPlatforms) = postSolution
		{1A0A2CF6-1F35-4703-8982-B05E909DC973}.Debug|Any CPU.ActiveCfg = Debug|Any CPU
		{1A0A2CF6-1F35-4703-8982-B05E909DC973}.Debug|Any CPU.Build.0 = Debug|Any CPU
		{1A0A2CF6-1F35-4703-8982-B05E909DC973}.Release|Any CPU.ActiveCfg = Release|Any CPU
		{1A0A2CF6-1F35-4703-8982-B05E909DC973}.Release|Any CPU.Build.0 = Release|Any CPU
		{99B019A4-A758-4CD7-BADC-F274CA7ADB93}.Debug|Any CPU.ActiveCfg = Debug
		{99B019A4-A758-4CD7-BADC-F274CA7ADB93}.Release|Any CPU.ActiveCfg = Release
	EndGlobalSection
	GlobalSection(SolutionProperties) = preSolution
		HideSolutionNode = FALSE
	EndGlobalSection
	GlobalSection(ExtensibilityGlobals) = postSolution
		SolutionGuid = {DF70A4BE-A109-49B9-9725-DC7214E98779}
	EndGlobalSection
EndGlobal
